// !$*UTF8*$!
{
	archiveVersion = 1;
	classes = {
	};
	objectVersion = 48;
	objects = {

/* Begin PBXBuildFile section */
		D26BF902201686A10023C35F /* Literal.swift in Sources */ = {isa = PBXBuildFile; fileRef = D26BF901201686A10023C35F /* Literal.swift */; };
		D26BF904201687890023C35F /* Clause.swift in Sources */ = {isa = PBXBuildFile; fileRef = D26BF903201687890023C35F /* Clause.swift */; };
		D26BF90720168A7A0023C35F /* Parser.swift in Sources */ = {isa = PBXBuildFile; fileRef = D26BF90620168A7A0023C35F /* Parser.swift */; };
		D2986C34201685FF008CF791 /* main.swift in Sources */ = {isa = PBXBuildFile; fileRef = D2986C33201685FF008CF791 /* main.swift */; };
/* End PBXBuildFile section */

/* Begin PBXCopyFilesBuildPhase section */
		D2986C2E201685FF008CF791 /* CopyFiles */ = {
			isa = PBXCopyFilesBuildPhase;
			buildActionMask = 2147483647;
			dstPath = /usr/share/man/man1/;
			dstSubfolderSpec = 0;
			files = (
			);
			runOnlyForDeploymentPostprocessing = 1;
		};
/* End PBXCopyFilesBuildPhase section */

/* Begin PBXFileReference section */
		D26BF901201686A10023C35F /* Literal.swift */ = {isa = PBXFileReference; lastKnownFileType = sourcecode.swift; path = Literal.swift; sourceTree = "<group>"; };
		D26BF903201687890023C35F /* Clause.swift */ = {isa = PBXFileReference; lastKnownFileType = sourcecode.swift; path = Clause.swift; sourceTree = "<group>"; };
		D26BF90620168A7A0023C35F /* Parser.swift */ = {isa = PBXFileReference; lastKnownFileType = sourcecode.swift; path = Parser.swift; sourceTree = "<group>"; };
		D2986C30201685FF008CF791 /* ThreeSAT */ = {isa = PBXFileReference; explicitFileType = "compiled.mach-o.executable"; includeInIndex = 0; path = ThreeSAT; sourceTree = BUILT_PRODUCTS_DIR; };
		D2986C33201685FF008CF791 /* main.swift */ = {isa = PBXFileReference; lastKnownFileType = sourcecode.swift; path = main.swift; sourceTree = "<group>"; };
/* End PBXFileReference section */

/* Begin PBXFrameworksBuildPhase section */
		D2986C2D201685FF008CF791 /* Frameworks */ = {
			isa = PBXFrameworksBuildPhase;
			buildActionMask = 2147483647;
			files = (
			);
			runOnlyForDeploymentPostprocessing = 0;
		};
/* End PBXFrameworksBuildPhase section */

/* Begin PBXGroup section */
		D26BF900201686920023C35F /* Model */ = {
			isa = PBXGroup;
			children = (
				D26BF901201686A10023C35F /* Literal.swift */,
				D26BF903201687890023C35F /* Clause.swift */,
			);
			path = Model;
			sourceTree = "<group>";
		};
		D26BF9052016886F0023C35F /* Parser */ = {
			isa = PBXGroup;
			children = (
				D26BF90620168A7A0023C35F /* Parser.swift */,
			);
			path = Parser;
			sourceTree = "<group>";
		};
		D2986C27201685FF008CF791 = {
			isa = PBXGroup;
			children = (
				D2986C32201685FF008CF791 /* ThreeSAT */,
				D2986C31201685FF008CF791 /* Products */,
			);
			sourceTree = "<group>";
		};
		D2986C31201685FF008CF791 /* Products */ = {
			isa = PBXGroup;
			children = (
				D2986C30201685FF008CF791 /* ThreeSAT */,
			);
			name = Products;
			sourceTree = "<group>";
		};
		D2986C32201685FF008CF791 /* ThreeSAT */ = {
			isa = PBXGroup;
			children = (
				D26BF9052016886F0023C35F /* Parser */,
				D26BF900201686920023C35F /* Model */,
				D2986C33201685FF008CF791 /* main.swift */,
			);
			path = ThreeSAT;
			sourceTree = "<group>";
		};
/* End PBXGroup section */

/* Begin PBXNativeTarget section */
		D2986C2F201685FF008CF791 /* ThreeSAT */ = {
			isa = PBXNativeTarget;
			buildConfigurationList = D2986C37201685FF008CF791 /* Build configuration list for PBXNativeTarget "ThreeSAT" */;
			buildPhases = (
				D2986C2C201685FF008CF791 /* Sources */,
				D2986C2D201685FF008CF791 /* Frameworks */,
				D2986C2E201685FF008CF791 /* CopyFiles */,
			);
			buildRules = (
			);
			dependencies = (
			);
			name = ThreeSAT;
			productName = ThreeSAT;
			productReference = D2986C30201685FF008CF791 /* ThreeSAT */;
			productType = "com.apple.product-type.tool";
		};
/* End PBXNativeTarget section */

/* Begin PBXProject section */
		D2986C28201685FF008CF791 /* Project object */ = {
			isa = PBXProject;
			attributes = {
				LastSwiftUpdateCheck = 0920;
				LastUpgradeCheck = 0920;
				ORGANIZATIONNAME = "Josef Dolezal";
				TargetAttributes = {
					D2986C2F201685FF008CF791 = {
						CreatedOnToolsVersion = 9.2;
						ProvisioningStyle = Automatic;
					};
				};
			};
			buildConfigurationList = D2986C2B201685FF008CF791 /* Build configuration list for PBXProject "ThreeSAT" */;
			compatibilityVersion = "Xcode 8.0";
			developmentRegion = en;
			hasScannedForEncodings = 0;
			knownRegions = (
				en,
			);
			mainGroup = D2986C27201685FF008CF791;
			productRefGroup = D2986C31201685FF008CF791 /* Products */;
			projectDirPath = "";
			projectRoot = "";
			targets = (
				D2986C2F201685FF008CF791 /* ThreeSAT */,
			);
		};
/* End PBXProject section */

/* Begin PBXSourcesBuildPhase section */
		D2986C2C201685FF008CF791 /* Sources */ = {
			isa = PBXSourcesBuildPhase;
			buildActionMask = 2147483647;
			files = (
				D26BF90720168A7A0023C35F /* Parser.swift in Sources */,
				D2986C34201685FF008CF791 /* main.swift in Sources */,
				D26BF904201687890023C35F /* Clause.swift in Sources */,
				D26BF902201686A10023C35F /* Literal.swift in Sources */,
			);
			runOnlyForDeploymentPostprocessing = 0;
		};
/* End PBXSourcesBuildPhase section */

/* Begin XCBuildConfiguration section */
		D2986C35201685FF008CF791 /* Debug */ = {
			isa = XCBuildConfiguration;
			buildSettings = {
				ALWAYS_SEARCH_USER_PATHS = NO;
				CLANG_ANALYZER_NONNULL = YES;
				CLANG_ANALYZER_NUMBER_OBJECT_CONVERSION = YES_AGGRESSIVE;
				CLANG_CXX_LANGUAGE_STANDARD = "gnu++14";
				CLANG_CXX_LIBRARY = "libc++";
				CLANG_ENABLE_MODULES = YES;
				CLANG_ENABLE_OBJC_ARC = YES;
				CLANG_WARN_BLOCK_CAPTURE_AUTORELEASING = YES;
				CLANG_WARN_BOOL_CONVERSION = YES;
				CLANG_WARN_COMMA = YES;
				CLANG_WARN_CONSTANT_CONVERSION = YES;
				CLANG_WARN_DIRECT_OBJC_ISA_USAGE = YES_ERROR;
				CLANG_WARN_DOCUMENTATION_COMMENTS = YES;
				CLANG_WARN_EMPTY_BODY = YES;
				CLANG_WARN_ENUM_CONVERSION = YES;
				CLANG_WARN_INFINITE_RECURSION = YES;
				CLANG_WARN_INT_CONVERSION = YES;
				CLANG_WARN_NON_LITERAL_NULL_CONVERSION = YES;
				CLANG_WARN_OBJC_LITERAL_CONVERSION = YES;
				CLANG_WARN_OBJC_ROOT_CLASS = YES_ERROR;
				CLANG_WARN_RANGE_LOOP_ANALYSIS = YES;
				CLANG_WARN_STRICT_PROTOTYPES = YES;
				CLANG_WARN_SUSPICIOUS_MOVE = YES;
				CLANG_WARN_UNGUARDED_AVAILABILITY = YES_AGGRESSIVE;
				CLANG_WARN_UNREACHABLE_CODE = YES;
				CLANG_WARN__DUPLICATE_METHOD_MATCH = YES;
				CODE_SIGN_IDENTITY = "-";
				COPY_PHASE_STRIP = NO;
				DEBUG_INFORMATION_FORMAT = dwarf;
				ENABLE_STRICT_OBJC_MSGSEND = YES;
				ENABLE_TESTABILITY = YES;
				GCC_C_LANGUAGE_STANDARD = gnu11;
				GCC_DYNAMIC_NO_PIC = NO;
				GCC_NO_COMMON_BLOCKS = YES;
				GCC_OPTIMIZATION_LEVEL = 0;
				GCC_PREPROCESSOR_DEFINITIONS = (
					"DEBUG=1",
					"$(inherited)",
				);
				GCC_WARN_64_TO_32_BIT_CONVERSION = YES;
				GCC_WARN_ABOUT_RETURN_TYPE = YES_ERROR;
				GCC_WARN_UNDECLARED_SELECTOR = YES;
				GCC_WARN_UNINITIALIZED_AUTOS = YES_AGGRESSIVE;
				GCC_WARN_UNUSED_FUNCTION = YES;
				GCC_WARN_UNUSED_VARIABLE = YES;
				MACOSX_DEPLOYMENT_TARGET = 10.12;
				MTL_ENABLE_DEBUG_INFO = YES;
				ONLY_ACTIVE_ARCH = YES;
				SDKROOT = macosx;
				SWIFT_ACTIVE_COMPILATION_CONDITIONS = DEBUG;
				SWIFT_OPTIMIZATION_LEVEL = "-Onone";
			};
			name = Debug;
		};
		D2986C36201685FF008CF791 /* Release */ = {
			isa = XCBuildConfiguration;
			buildSettings = {
				ALWAYS_SEARCH_USER_PATHS = NO;
				CLANG_ANALYZER_NONNULL = YES;
				CLANG_ANALYZER_NUMBER_OBJECT_CONVERSION = YES_AGGRESSIVE;
				CLANG_CXX_LANGUAGE_STANDARD = "gnu++14";
				CLANG_CXX_LIBRARY = "libc++";
				CLANG_ENABLE_MODULES = YES;
				CLANG_ENABLE_OBJC_ARC = YES;
				CLANG_WARN_BLOCK_CAPTURE_AUTORELEASING = YES;
				CLANG_WARN_BOOL_CONVERSION = YES;
				CLANG_WARN_COMMA = YES;
				CLANG_WARN_CONSTANT_CONVERSION = YES;
				CLANG_WARN_DIRECT_OBJC_ISA_USAGE = YES_ERROR;
				CLANG_WARN_DOCUMENTATION_COMMENTS = YES;
				CLANG_WARN_EMPTY_BODY = YES;
				CLANG_WARN_ENUM_CONVERSION = YES;
				CLANG_WARN_INFINITE_RECURSION = YES;
				CLANG_WARN_INT_CONVERSION = YES;
				CLANG_WARN_NON_LITERAL_NULL_CONVERSION = YES;
				CLANG_WARN_OBJC_LITERAL_CONVERSION = YES;
				CLANG_WARN_OBJC_ROOT_CLASS = YES_ERROR;
				CLANG_WARN_RANGE_LOOP_ANALYSIS = YES;
				CLANG_WARN_STRICT_PROTOTYPES = YES;
				CLANG_WARN_SUSPICIOUS_MOVE = YES;
				CLANG_WARN_UNGUARDED_AVAILABILITY = YES_AGGRESSIVE;
				CLANG_WARN_UNREACHABLE_CODE = YES;
				CLANG_WARN__DUPLICATE_METHOD_MATCH = YES;
				CODE_SIGN_IDENTITY = "-";
				COPY_PHASE_STRIP = NO;
				DEBUG_INFORMATION_FORMAT = "dwarf-with-dsym";
				ENABLE_NS_ASSERTIONS = NO;
				ENABLE_STRICT_OBJC_MSGSEND = YES;
				GCC_C_LANGUAGE_STANDARD = gnu11;
				GCC_NO_COMMON_BLOCKS = YES;
				GCC_WARN_64_TO_32_BIT_CONVERSION = YES;
				GCC_WARN_ABOUT_RETURN_TYPE = YES_ERROR;
				GCC_WARN_UNDECLARED_SELECTOR = YES;
				GCC_WARN_UNINITIALIZED_AUTOS = YES_AGGRESSIVE;
				GCC_WARN_UNUSED_FUNCTION = YES;
				GCC_WARN_UNUSED_VARIABLE = YES;
				MACOSX_DEPLOYMENT_TARGET = 10.12;
				MTL_ENABLE_DEBUG_INFO = NO;
				SDKROOT = macosx;
				SWIFT_OPTIMIZATION_LEVEL = "-Owholemodule";
			};
			name = Release;
		};
		D2986C38201685FF008CF791 /* Debug */ = {
			isa = XCBuildConfiguration;
			buildSettings = {
				CODE_SIGN_STYLE = Automatic;
				PRODUCT_NAME = "$(TARGET_NAME)";
				SWIFT_VERSION = 4.0;
			};
			name = Debug;
		};
		D2986C39201685FF008CF791 /* Release */ = {
			isa = XCBuildConfiguration;
			buildSettings = {
				CODE_SIGN_STYLE = Automatic;
				PRODUCT_NAME = "$(TARGET_NAME)";
				SWIFT_VERSION = 4.0;
			};
			name = Release;
		};
/* End XCBuildConfiguration section */

/* Begin XCConfigurationList section */
		D2986C2B201685FF008CF791 /* Build configuration list for PBXProject "ThreeSAT" */ = {
			isa = XCConfigurationList;
			buildConfigurations = (
				D2986C35201685FF008CF791 /* Debug */,
				D2986C36201685FF008CF791 /* Release */,
			);
			defaultConfigurationIsVisible = 0;
			defaultConfigurationName = Release;
		};
		D2986C37201685FF008CF791 /* Build configuration list for PBXNativeTarget "ThreeSAT" */ = {
			isa = XCConfigurationList;
			buildConfigurations = (
				D2986C38201685FF008CF791 /* Debug */,
				D2986C39201685FF008CF791 /* Release */,
			);
			defaultConfigurationIsVisible = 0;
			defaultConfigurationName = Release;
		};
/* End XCConfigurationList section */
	};
	rootObject = D2986C28201685FF008CF791 /* Project object */;
}
