// !$*UTF8*$!
{
	archiveVersion = 1;
	classes = {
	};
	objectVersion = 48;
	objects = {

/* Begin PBXBuildFile section */
		D20E33411F8A6A680039A027 /* main.swift in Sources */ = {isa = PBXBuildFile; fileRef = D20E33401F8A6A680039A027 /* main.swift */; };
		D20E33491F8A6AA70039A027 /* Array+Permutations.swift in Sources */ = {isa = PBXBuildFile; fileRef = D20E33481F8A6AA70039A027 /* Array+Permutations.swift */; };
		D20E335A1F8A6B820039A027 /* Array+PermutationsTests.swift in Sources */ = {isa = PBXBuildFile; fileRef = D20E33591F8A6B820039A027 /* Array+PermutationsTests.swift */; };
		D2815BE41F8A721B00C0DB43 /* Array+Permutations.swift in Sources */ = {isa = PBXBuildFile; fileRef = D20E33481F8A6AA70039A027 /* Array+Permutations.swift */; };
		D2815BE71F8A7EA000C0DB43 /* BackpackItem.swift in Sources */ = {isa = PBXBuildFile; fileRef = D2815BE61F8A7EA000C0DB43 /* BackpackItem.swift */; };
/* End PBXBuildFile section */

/* Begin PBXContainerItemProxy section */
		D2815BE21F8A70D800C0DB43 /* PBXContainerItemProxy */ = {
			isa = PBXContainerItemProxy;
			containerPortal = D20E33351F8A6A680039A027 /* Project object */;
			proxyType = 1;
			remoteGlobalIDString = D20E333C1F8A6A680039A027;
			remoteInfo = "mi-paa-backpack-problem";
		};
/* End PBXContainerItemProxy section */

/* Begin PBXCopyFilesBuildPhase section */
		D20E333B1F8A6A680039A027 /* CopyFiles */ = {
			isa = PBXCopyFilesBuildPhase;
			buildActionMask = 2147483647;
			dstPath = /usr/share/man/man1/;
			dstSubfolderSpec = 0;
			files = (
			);
			runOnlyForDeploymentPostprocessing = 1;
		};
/* End PBXCopyFilesBuildPhase section */

/* Begin PBXFileReference section */
		D20E333D1F8A6A680039A027 /* mi-paa-backpack-problem */ = {isa = PBXFileReference; explicitFileType = "compiled.mach-o.executable"; includeInIndex = 0; path = "mi-paa-backpack-problem"; sourceTree = BUILT_PRODUCTS_DIR; };
		D20E33401F8A6A680039A027 /* main.swift */ = {isa = PBXFileReference; lastKnownFileType = sourcecode.swift; path = main.swift; sourceTree = "<group>"; };
		D20E33481F8A6AA70039A027 /* Array+Permutations.swift */ = {isa = PBXFileReference; lastKnownFileType = sourcecode.swift; path = "Array+Permutations.swift"; sourceTree = "<group>"; };
		D20E334E1F8A6B140039A027 /* mi-paa-backpack-problemTests.xctest */ = {isa = PBXFileReference; explicitFileType = wrapper.cfbundle; includeInIndex = 0; path = "mi-paa-backpack-problemTests.xctest"; sourceTree = BUILT_PRODUCTS_DIR; };
		D20E33521F8A6B140039A027 /* Info.plist */ = {isa = PBXFileReference; lastKnownFileType = text.plist.xml; path = Info.plist; sourceTree = "<group>"; };
		D20E33591F8A6B820039A027 /* Array+PermutationsTests.swift */ = {isa = PBXFileReference; lastKnownFileType = sourcecode.swift; path = "Array+PermutationsTests.swift"; sourceTree = "<group>"; };
		D2815BE61F8A7EA000C0DB43 /* BackpackItem.swift */ = {isa = PBXFileReference; lastKnownFileType = sourcecode.swift; path = BackpackItem.swift; sourceTree = "<group>"; };
/* End PBXFileReference section */

/* Begin PBXFrameworksBuildPhase section */
		D20E333A1F8A6A680039A027 /* Frameworks */ = {
			isa = PBXFrameworksBuildPhase;
			buildActionMask = 2147483647;
			files = (
			);
			runOnlyForDeploymentPostprocessing = 0;
		};
		D20E334B1F8A6B140039A027 /* Frameworks */ = {
			isa = PBXFrameworksBuildPhase;
			buildActionMask = 2147483647;
			files = (
			);
			runOnlyForDeploymentPostprocessing = 0;
		};
/* End PBXFrameworksBuildPhase section */

/* Begin PBXGroup section */
		D20E33341F8A6A680039A027 = {
			isa = PBXGroup;
			children = (
				D20E333F1F8A6A680039A027 /* mi-paa-backpack-problem */,
				D20E334F1F8A6B140039A027 /* mi-paa-backpack-problemTests */,
				D20E333E1F8A6A680039A027 /* Products */,
			);
			sourceTree = "<group>";
		};
		D20E333E1F8A6A680039A027 /* Products */ = {
			isa = PBXGroup;
			children = (
				D20E333D1F8A6A680039A027 /* mi-paa-backpack-problem */,
				D20E334E1F8A6B140039A027 /* mi-paa-backpack-problemTests.xctest */,
			);
			name = Products;
			sourceTree = "<group>";
		};
		D20E333F1F8A6A680039A027 /* mi-paa-backpack-problem */ = {
			isa = PBXGroup;
			children = (
				D20E33471F8A6A8D0039A027 /* Extensions */,
				D2815BE51F8A7E8600C0DB43 /* Model */,
				D20E33401F8A6A680039A027 /* main.swift */,
			);
			path = "mi-paa-backpack-problem";
			sourceTree = "<group>";
		};
		D20E33471F8A6A8D0039A027 /* Extensions */ = {
			isa = PBXGroup;
			children = (
				D20E33481F8A6AA70039A027 /* Array+Permutations.swift */,
			);
			path = Extensions;
			sourceTree = "<group>";
		};
		D20E334F1F8A6B140039A027 /* mi-paa-backpack-problemTests */ = {
			isa = PBXGroup;
			children = (
				D20E33561F8A6B220039A027 /* Extensions */,
				D20E33521F8A6B140039A027 /* Info.plist */,
			);
			path = "mi-paa-backpack-problemTests";
			sourceTree = "<group>";
		};
		D20E33561F8A6B220039A027 /* Extensions */ = {
			isa = PBXGroup;
			children = (
				D20E33591F8A6B820039A027 /* Array+PermutationsTests.swift */,
			);
			path = Extensions;
			sourceTree = "<group>";
		};
		D2815BE51F8A7E8600C0DB43 /* Model */ = {
			isa = PBXGroup;
			children = (
				D2815BE61F8A7EA000C0DB43 /* BackpackItem.swift */,
			);
			path = Model;
			sourceTree = "<group>";
		};
/* End PBXGroup section */

/* Begin PBXNativeTarget section */
		D20E333C1F8A6A680039A027 /* mi-paa-backpack-problem */ = {
			isa = PBXNativeTarget;
			buildConfigurationList = D20E33441F8A6A680039A027 /* Build configuration list for PBXNativeTarget "mi-paa-backpack-problem" */;
			buildPhases = (
				D20E33391F8A6A680039A027 /* Sources */,
				D20E333A1F8A6A680039A027 /* Frameworks */,
				D20E333B1F8A6A680039A027 /* CopyFiles */,
			);
			buildRules = (
			);
			dependencies = (
			);
			name = "mi-paa-backpack-problem";
			productName = "mi-paa-backpack-problem";
			productReference = D20E333D1F8A6A680039A027 /* mi-paa-backpack-problem */;
			productType = "com.apple.product-type.tool";
		};
		D20E334D1F8A6B140039A027 /* mi-paa-backpack-problemTests */ = {
			isa = PBXNativeTarget;
			buildConfigurationList = D20E33531F8A6B140039A027 /* Build configuration list for PBXNativeTarget "mi-paa-backpack-problemTests" */;
			buildPhases = (
				D20E334A1F8A6B140039A027 /* Sources */,
				D20E334B1F8A6B140039A027 /* Frameworks */,
				D20E334C1F8A6B140039A027 /* Resources */,
			);
			buildRules = (
			);
			dependencies = (
				D2815BE31F8A70D800C0DB43 /* PBXTargetDependency */,
			);
			name = "mi-paa-backpack-problemTests";
			productName = "mi-paa-backpack-problemTests";
			productReference = D20E334E1F8A6B140039A027 /* mi-paa-backpack-problemTests.xctest */;
			productType = "com.apple.product-type.bundle.unit-test";
		};
/* End PBXNativeTarget section */

/* Begin PBXProject section */
		D20E33351F8A6A680039A027 /* Project object */ = {
			isa = PBXProject;
			attributes = {
				LastSwiftUpdateCheck = 0900;
				LastUpgradeCheck = 0900;
				ORGANIZATIONNAME = "Josef Dolezal";
				TargetAttributes = {
					D20E333C1F8A6A680039A027 = {
						CreatedOnToolsVersion = 9.0;
						ProvisioningStyle = Automatic;
					};
					D20E334D1F8A6B140039A027 = {
						CreatedOnToolsVersion = 9.0;
						LastSwiftMigration = 0900;
						ProvisioningStyle = Automatic;
					};
				};
			};
			buildConfigurationList = D20E33381F8A6A680039A027 /* Build configuration list for PBXProject "mi-paa-backpack-problem" */;
			compatibilityVersion = "Xcode 8.0";
			developmentRegion = en;
			hasScannedForEncodings = 0;
			knownRegions = (
				en,
			);
			mainGroup = D20E33341F8A6A680039A027;
			productRefGroup = D20E333E1F8A6A680039A027 /* Products */;
			projectDirPath = "";
			projectRoot = "";
			targets = (
				D20E333C1F8A6A680039A027 /* mi-paa-backpack-problem */,
				D20E334D1F8A6B140039A027 /* mi-paa-backpack-problemTests */,
			);
		};
/* End PBXProject section */

/* Begin PBXResourcesBuildPhase section */
		D20E334C1F8A6B140039A027 /* Resources */ = {
			isa = PBXResourcesBuildPhase;
			buildActionMask = 2147483647;
			files = (
			);
			runOnlyForDeploymentPostprocessing = 0;
		};
/* End PBXResourcesBuildPhase section */

/* Begin PBXSourcesBuildPhase section */
		D20E33391F8A6A680039A027 /* Sources */ = {
			isa = PBXSourcesBuildPhase;
			buildActionMask = 2147483647;
			files = (
				D2815BE71F8A7EA000C0DB43 /* BackpackItem.swift in Sources */,
				D20E33491F8A6AA70039A027 /* Array+Permutations.swift in Sources */,
				D20E33411F8A6A680039A027 /* main.swift in Sources */,
			);
			runOnlyForDeploymentPostprocessing = 0;
		};
		D20E334A1F8A6B140039A027 /* Sources */ = {
			isa = PBXSourcesBuildPhase;
			buildActionMask = 2147483647;
			files = (
				D2815BE41F8A721B00C0DB43 /* Array+Permutations.swift in Sources */,
				D20E335A1F8A6B820039A027 /* Array+PermutationsTests.swift in Sources */,
			);
			runOnlyForDeploymentPostprocessing = 0;
		};
/* End PBXSourcesBuildPhase section */

/* Begin PBXTargetDependency section */
		D2815BE31F8A70D800C0DB43 /* PBXTargetDependency */ = {
			isa = PBXTargetDependency;
			target = D20E333C1F8A6A680039A027 /* mi-paa-backpack-problem */;
			targetProxy = D2815BE21F8A70D800C0DB43 /* PBXContainerItemProxy */;
		};
/* End PBXTargetDependency section */

/* Begin XCBuildConfiguration section */
		D20E33421F8A6A680039A027 /* Debug */ = {
			isa = XCBuildConfiguration;
			buildSettings = {
				ALWAYS_SEARCH_USER_PATHS = NO;
				CLANG_ANALYZER_NONNULL = YES;
				CLANG_ANALYZER_NUMBER_OBJECT_CONVERSION = YES_AGGRESSIVE;
				CLANG_CXX_LANGUAGE_STANDARD = "gnu++14";
				CLANG_CXX_LIBRARY = "libc++";
				CLANG_ENABLE_MODULES = YES;
				CLANG_ENABLE_OBJC_ARC = YES;
				CLANG_WARN_BLOCK_CAPTURE_AUTORELEASING = YES;
				CLANG_WARN_BOOL_CONVERSION = YES;
				CLANG_WARN_COMMA = YES;
				CLANG_WARN_CONSTANT_CONVERSION = YES;
				CLANG_WARN_DIRECT_OBJC_ISA_USAGE = YES_ERROR;
				CLANG_WARN_DOCUMENTATION_COMMENTS = YES;
				CLANG_WARN_EMPTY_BODY = YES;
				CLANG_WARN_ENUM_CONVERSION = YES;
				CLANG_WARN_INFINITE_RECURSION = YES;
				CLANG_WARN_INT_CONVERSION = YES;
				CLANG_WARN_NON_LITERAL_NULL_CONVERSION = YES;
				CLANG_WARN_OBJC_LITERAL_CONVERSION = YES;
				CLANG_WARN_OBJC_ROOT_CLASS = YES_ERROR;
				CLANG_WARN_RANGE_LOOP_ANALYSIS = YES;
				CLANG_WARN_STRICT_PROTOTYPES = YES;
				CLANG_WARN_SUSPICIOUS_MOVE = YES;
				CLANG_WARN_UNGUARDED_AVAILABILITY = YES_AGGRESSIVE;
				CLANG_WARN_UNREACHABLE_CODE = YES;
				CLANG_WARN__DUPLICATE_METHOD_MATCH = YES;
				CODE_SIGN_IDENTITY = "-";
				COPY_PHASE_STRIP = NO;
				DEBUG_INFORMATION_FORMAT = dwarf;
				ENABLE_STRICT_OBJC_MSGSEND = YES;
				ENABLE_TESTABILITY = YES;
				GCC_C_LANGUAGE_STANDARD = gnu11;
				GCC_DYNAMIC_NO_PIC = NO;
				GCC_NO_COMMON_BLOCKS = YES;
				GCC_OPTIMIZATION_LEVEL = 0;
				GCC_PREPROCESSOR_DEFINITIONS = (
					"DEBUG=1",
					"$(inherited)",
				);
				GCC_WARN_64_TO_32_BIT_CONVERSION = YES;
				GCC_WARN_ABOUT_RETURN_TYPE = YES_ERROR;
				GCC_WARN_UNDECLARED_SELECTOR = YES;
				GCC_WARN_UNINITIALIZED_AUTOS = YES_AGGRESSIVE;
				GCC_WARN_UNUSED_FUNCTION = YES;
				GCC_WARN_UNUSED_VARIABLE = YES;
				MACOSX_DEPLOYMENT_TARGET = 10.12;
				MTL_ENABLE_DEBUG_INFO = YES;
				ONLY_ACTIVE_ARCH = YES;
				SDKROOT = macosx;
				SWIFT_ACTIVE_COMPILATION_CONDITIONS = DEBUG;
				SWIFT_OPTIMIZATION_LEVEL = "-Onone";
			};
			name = Debug;
		};
		D20E33431F8A6A680039A027 /* Release */ = {
			isa = XCBuildConfiguration;
			buildSettings = {
				ALWAYS_SEARCH_USER_PATHS = NO;
				CLANG_ANALYZER_NONNULL = YES;
				CLANG_ANALYZER_NUMBER_OBJECT_CONVERSION = YES_AGGRESSIVE;
				CLANG_CXX_LANGUAGE_STANDARD = "gnu++14";
				CLANG_CXX_LIBRARY = "libc++";
				CLANG_ENABLE_MODULES = YES;
				CLANG_ENABLE_OBJC_ARC = YES;
				CLANG_WARN_BLOCK_CAPTURE_AUTORELEASING = YES;
				CLANG_WARN_BOOL_CONVERSION = YES;
				CLANG_WARN_COMMA = YES;
				CLANG_WARN_CONSTANT_CONVERSION = YES;
				CLANG_WARN_DIRECT_OBJC_ISA_USAGE = YES_ERROR;
				CLANG_WARN_DOCUMENTATION_COMMENTS = YES;
				CLANG_WARN_EMPTY_BODY = YES;
				CLANG_WARN_ENUM_CONVERSION = YES;
				CLANG_WARN_INFINITE_RECURSION = YES;
				CLANG_WARN_INT_CONVERSION = YES;
				CLANG_WARN_NON_LITERAL_NULL_CONVERSION = YES;
				CLANG_WARN_OBJC_LITERAL_CONVERSION = YES;
				CLANG_WARN_OBJC_ROOT_CLASS = YES_ERROR;
				CLANG_WARN_RANGE_LOOP_ANALYSIS = YES;
				CLANG_WARN_STRICT_PROTOTYPES = YES;
				CLANG_WARN_SUSPICIOUS_MOVE = YES;
				CLANG_WARN_UNGUARDED_AVAILABILITY = YES_AGGRESSIVE;
				CLANG_WARN_UNREACHABLE_CODE = YES;
				CLANG_WARN__DUPLICATE_METHOD_MATCH = YES;
				CODE_SIGN_IDENTITY = "-";
				COPY_PHASE_STRIP = NO;
				DEBUG_INFORMATION_FORMAT = "dwarf-with-dsym";
				ENABLE_NS_ASSERTIONS = NO;
				ENABLE_STRICT_OBJC_MSGSEND = YES;
				GCC_C_LANGUAGE_STANDARD = gnu11;
				GCC_NO_COMMON_BLOCKS = YES;
				GCC_WARN_64_TO_32_BIT_CONVERSION = YES;
				GCC_WARN_ABOUT_RETURN_TYPE = YES_ERROR;
				GCC_WARN_UNDECLARED_SELECTOR = YES;
				GCC_WARN_UNINITIALIZED_AUTOS = YES_AGGRESSIVE;
				GCC_WARN_UNUSED_FUNCTION = YES;
				GCC_WARN_UNUSED_VARIABLE = YES;
				MACOSX_DEPLOYMENT_TARGET = 10.12;
				MTL_ENABLE_DEBUG_INFO = NO;
				SDKROOT = macosx;
				SWIFT_OPTIMIZATION_LEVEL = "-Owholemodule";
			};
			name = Release;
		};
		D20E33451F8A6A680039A027 /* Debug */ = {
			isa = XCBuildConfiguration;
			buildSettings = {
				CODE_SIGN_STYLE = Automatic;
				PRODUCT_NAME = "$(TARGET_NAME)";
				SWIFT_VERSION = 4.0;
			};
			name = Debug;
		};
		D20E33461F8A6A680039A027 /* Release */ = {
			isa = XCBuildConfiguration;
			buildSettings = {
				CODE_SIGN_STYLE = Automatic;
				PRODUCT_NAME = "$(TARGET_NAME)";
				SWIFT_VERSION = 4.0;
			};
			name = Release;
		};
		D20E33541F8A6B140039A027 /* Debug */ = {
			isa = XCBuildConfiguration;
			buildSettings = {
				CLANG_ENABLE_MODULES = YES;
				CODE_SIGN_STYLE = Automatic;
				COMBINE_HIDPI_IMAGES = YES;
				INFOPLIST_FILE = "mi-paa-backpack-problemTests/Info.plist";
				LD_RUNPATH_SEARCH_PATHS = "$(inherited) @executable_path/../Frameworks @loader_path/../Frameworks";
				PRODUCT_BUNDLE_IDENTIFIER = "com.github.josefdolezal.mi-paa-backpack-problemTests";
				PRODUCT_NAME = "$(TARGET_NAME)";
				SWIFT_OPTIMIZATION_LEVEL = "-Onone";
				SWIFT_VERSION = 4.0;
			};
			name = Debug;
		};
		D20E33551F8A6B140039A027 /* Release */ = {
			isa = XCBuildConfiguration;
			buildSettings = {
				CLANG_ENABLE_MODULES = YES;
				CODE_SIGN_STYLE = Automatic;
				COMBINE_HIDPI_IMAGES = YES;
				INFOPLIST_FILE = "mi-paa-backpack-problemTests/Info.plist";
				LD_RUNPATH_SEARCH_PATHS = "$(inherited) @executable_path/../Frameworks @loader_path/../Frameworks";
				PRODUCT_BUNDLE_IDENTIFIER = "com.github.josefdolezal.mi-paa-backpack-problemTests";
				PRODUCT_NAME = "$(TARGET_NAME)";
				SWIFT_VERSION = 4.0;
			};
			name = Release;
		};
/* End XCBuildConfiguration section */

/* Begin XCConfigurationList section */
		D20E33381F8A6A680039A027 /* Build configuration list for PBXProject "mi-paa-backpack-problem" */ = {
			isa = XCConfigurationList;
			buildConfigurations = (
				D20E33421F8A6A680039A027 /* Debug */,
				D20E33431F8A6A680039A027 /* Release */,
			);
			defaultConfigurationIsVisible = 0;
			defaultConfigurationName = Release;
		};
		D20E33441F8A6A680039A027 /* Build configuration list for PBXNativeTarget "mi-paa-backpack-problem" */ = {
			isa = XCConfigurationList;
			buildConfigurations = (
				D20E33451F8A6A680039A027 /* Debug */,
				D20E33461F8A6A680039A027 /* Release */,
			);
			defaultConfigurationIsVisible = 0;
			defaultConfigurationName = Release;
		};
		D20E33531F8A6B140039A027 /* Build configuration list for PBXNativeTarget "mi-paa-backpack-problemTests" */ = {
			isa = XCConfigurationList;
			buildConfigurations = (
				D20E33541F8A6B140039A027 /* Debug */,
				D20E33551F8A6B140039A027 /* Release */,
			);
			defaultConfigurationIsVisible = 0;
			defaultConfigurationName = Release;
		};
/* End XCConfigurationList section */
	};
	rootObject = D20E33351F8A6A680039A027 /* Project object */;
}
